// !$*UTF8*$!
{
	archiveVersion = 1;
	classes = {
	};
	objectVersion = 48;
	objects = {

/* Begin PBXBuildFile section */
		1500F02DD1A01EC08A669C44 /* Pods_ScratchMap.framework in Frameworks */ = {isa = PBXBuildFile; fileRef = 01527EB948ED3B4B5FA32F0B /* Pods_ScratchMap.framework */; };
		6B05FD611FFFC0AB009317F2 /* ContinentDetailViewController.swift in Sources */ = {isa = PBXBuildFile; fileRef = 6B05FD601FFFC0AB009317F2 /* ContinentDetailViewController.swift */; };
		6B05FD631FFFC113009317F2 /* ContinentDetailTableViewCell.swift in Sources */ = {isa = PBXBuildFile; fileRef = 6B05FD621FFFC113009317F2 /* ContinentDetailTableViewCell.swift */; };
		6B09B80720062EB9003FAD86 /* NewsFeedViewController.swift in Sources */ = {isa = PBXBuildFile; fileRef = 6B09B80620062EB9003FAD86 /* NewsFeedViewController.swift */; };
		6B09B80A200630D7003FAD86 /* NewsFeedTableViewCell.swift in Sources */ = {isa = PBXBuildFile; fileRef = 6B09B808200630D7003FAD86 /* NewsFeedTableViewCell.swift */; };
		6B09B80B200630D7003FAD86 /* NewsFeedTableViewCell.xib in Resources */ = {isa = PBXBuildFile; fileRef = 6B09B809200630D7003FAD86 /* NewsFeedTableViewCell.xib */; };
		6B09B80D2006710B003FAD86 /* Post.swift in Sources */ = {isa = PBXBuildFile; fileRef = 6B09B80C2006710B003FAD86 /* Post.swift */; };
		6B1433411FFCE2CF0036B9D6 /* ProgressBar.swift in Sources */ = {isa = PBXBuildFile; fileRef = 6B1433401FFCE2CF0036B9D6 /* ProgressBar.swift */; };
		6B1B7CE81FFFE5C800E5208B /* worldHighNew.svg in Resources */ = {isa = PBXBuildFile; fileRef = 6B1B7CE71FFFE5C800E5208B /* worldHighNew.svg */; };
		6B2251091FF81C53005776AD /* ColorSets.swift in Sources */ = {isa = PBXBuildFile; fileRef = 6B2251081FF81C53005776AD /* ColorSets.swift */; };
		6B23460B1FFA504800D7F62B /* AccountViewController.swift in Sources */ = {isa = PBXBuildFile; fileRef = 6B23460A1FFA504800D7F62B /* AccountViewController.swift */; };
		6B26164E1FF0DDA400F4219D /* UIViewExtension.swift in Sources */ = {isa = PBXBuildFile; fileRef = 6B26164D1FF0DDA400F4219D /* UIViewExtension.swift */; };
		6B2616551FF0F6A500F4219D /* VisitedType.swift in Sources */ = {isa = PBXBuildFile; fileRef = 6B2616541FF0F6A500F4219D /* VisitedType.swift */; };
		6B2616571FF1235200F4219D /* CountryInfoViewController.swift in Sources */ = {isa = PBXBuildFile; fileRef = 6B2616561FF1235200F4219D /* CountryInfoViewController.swift */; };
		6B278AB91FF2329200B3DA4D /* AppDelegateExtension.swift in Sources */ = {isa = PBXBuildFile; fileRef = 6B278AB81FF2329200B3DA4D /* AppDelegateExtension.swift */; };
		6B278ABD1FF24DCE00B3DA4D /* ScratchViewController.swift in Sources */ = {isa = PBXBuildFile; fileRef = 6B278ABC1FF24DCE00B3DA4D /* ScratchViewController.swift */; };
		6B30F2F31FE3B1380048F310 /* AppDelegate.swift in Sources */ = {isa = PBXBuildFile; fileRef = 6B30F2F21FE3B1380048F310 /* AppDelegate.swift */; };
		6B30F2F51FE3B1380048F310 /* MainPageViewController.swift in Sources */ = {isa = PBXBuildFile; fileRef = 6B30F2F41FE3B1380048F310 /* MainPageViewController.swift */; };
		6B30F2F81FE3B1380048F310 /* Main.storyboard in Resources */ = {isa = PBXBuildFile; fileRef = 6B30F2F61FE3B1380048F310 /* Main.storyboard */; };
		6B30F2FA1FE3B1380048F310 /* Assets.xcassets in Resources */ = {isa = PBXBuildFile; fileRef = 6B30F2F91FE3B1380048F310 /* Assets.xcassets */; };
		6B30F2FD1FE3B1380048F310 /* LaunchScreen.storyboard in Resources */ = {isa = PBXBuildFile; fileRef = 6B30F2FB1FE3B1380048F310 /* LaunchScreen.storyboard */; };
		6B4842B31FF516B700F58FE2 /* ScratchCardMaskView.swift in Sources */ = {isa = PBXBuildFile; fileRef = 6B4842B11FF516B700F58FE2 /* ScratchCardMaskView.swift */; };
		6B4842B41FF516B700F58FE2 /* ScratchCardView.swift in Sources */ = {isa = PBXBuildFile; fileRef = 6B4842B21FF516B700F58FE2 /* ScratchCardView.swift */; };
		6BA008162007C15900E3211E /* PublishViewController.swift in Sources */ = {isa = PBXBuildFile; fileRef = 6BA008142007C15900E3211E /* PublishViewController.swift */; };
		6BA008172007C15900E3211E /* PublishViewController.xib in Resources */ = {isa = PBXBuildFile; fileRef = 6BA008152007C15900E3211E /* PublishViewController.xib */; };
		6BA0F2171FE9259E00D0F971 /* UIWindowExtension.swift in Sources */ = {isa = PBXBuildFile; fileRef = 6BA0F2161FE9259E00D0F971 /* UIWindowExtension.swift */; };
		6BC5743E1FE6628E003C9C8C /* AchievementViewController.swift in Sources */ = {isa = PBXBuildFile; fileRef = 6BC5743D1FE6628E003C9C8C /* AchievementViewController.swift */; };
		6BC574441FE693E5003C9C8C /* CountryList.swift in Sources */ = {isa = PBXBuildFile; fileRef = 6BC574431FE693E5003C9C8C /* CountryList.swift */; };
		6BCCB5562009B3CF0077AEA0 /* TextFieldExtension.swift in Sources */ = {isa = PBXBuildFile; fileRef = 6BCCB5552009B3CF0077AEA0 /* TextFieldExtension.swift */; };
		6BE37F842001FEA800AC7268 /* Localizable.strings in Resources */ = {isa = PBXBuildFile; fileRef = 6BE37F862001FEA800AC7268 /* Localizable.strings */; };
		6BE37F892001FF0F00AC7268 /* InfoPlist.strings in Resources */ = {isa = PBXBuildFile; fileRef = 6BE37F8B2001FF0F00AC7268 /* InfoPlist.strings */; };
		6BE7641C1FE3D49F00B3708B /* Country.swift in Sources */ = {isa = PBXBuildFile; fileRef = 6BE7641B1FE3D49F00B3708B /* Country.swift */; };
		6BEF0E9B1FE8A3F900EED739 /* LoginViewController.swift in Sources */ = {isa = PBXBuildFile; fileRef = 6BEF0E9A1FE8A3F900EED739 /* LoginViewController.swift */; };
		6BEF0E9D1FE8B85B00EED739 /* SignupViewController.swift in Sources */ = {isa = PBXBuildFile; fileRef = 6BEF0E9C1FE8B85B00EED739 /* SignupViewController.swift */; };
		6BF2E71C1FFB1A200088B4BB /* UIImageExtension.swift in Sources */ = {isa = PBXBuildFile; fileRef = 6BF2E71B1FFB1A200088B4BB /* UIImageExtension.swift */; };
		6BF2E71E1FFB1E0A0088B4BB /* UINibExtension.swift in Sources */ = {isa = PBXBuildFile; fileRef = 6BF2E71D1FFB1E0A0088B4BB /* UINibExtension.swift */; };
		6BF2E7281FFB5EA80088B4BB /* WorldCollectionReusableView.swift in Sources */ = {isa = PBXBuildFile; fileRef = 6BF2E7271FFB5EA80088B4BB /* WorldCollectionReusableView.swift */; };
		6BF38FD21FE57472001DB8A8 /* TabBarItemType.swift in Sources */ = {isa = PBXBuildFile; fileRef = 6BF38FD11FE57472001DB8A8 /* TabBarItemType.swift */; };
		6BF38FD41FE5792D001DB8A8 /* TabBarItem.swift in Sources */ = {isa = PBXBuildFile; fileRef = 6BF38FD31FE5792D001DB8A8 /* TabBarItem.swift */; };
		6BF38FD81FE583CB001DB8A8 /* TabBarController.swift in Sources */ = {isa = PBXBuildFile; fileRef = 6BF38FD71FE583CB001DB8A8 /* TabBarController.swift */; };
		6BF502C41FEB957A00E013E2 /* DataModel.swift in Sources */ = {isa = PBXBuildFile; fileRef = 6BF502C31FEB957A00E013E2 /* DataModel.swift */; };
		6BF864F3200703A1009EE676 /* WaveAnumation.swift in Sources */ = {isa = PBXBuildFile; fileRef = 6BF864F2200703A1009EE676 /* WaveAnumation.swift */; };
		6BFB29532003649F00B30955 /* GoogleService-Info.plist in Resources */ = {isa = PBXBuildFile; fileRef = 6BFB29522003649F00B30955 /* GoogleService-Info.plist */; };
		6BFFCEAE1FEA41A100DEF234 /* AchievementCollectionViewCell.swift in Sources */ = {isa = PBXBuildFile; fileRef = 6BFFCEAD1FEA41A100DEF234 /* AchievementCollectionViewCell.swift */; };
		6BFFCEB01FEAB05500DEF234 /* UIViewControllerExtension.swift in Sources */ = {isa = PBXBuildFile; fileRef = 6BFFCEAF1FEAB05500DEF234 /* UIViewControllerExtension.swift */; };
/* End PBXBuildFile section */

/* Begin PBXFileReference section */
		01527EB948ED3B4B5FA32F0B /* Pods_ScratchMap.framework */ = {isa = PBXFileReference; explicitFileType = wrapper.framework; includeInIndex = 0; path = Pods_ScratchMap.framework; sourceTree = BUILT_PRODUCTS_DIR; };
		190F489B4A4572194CA8222D /* Pods-ScratchMap.debug.xcconfig */ = {isa = PBXFileReference; includeInIndex = 1; lastKnownFileType = text.xcconfig; name = "Pods-ScratchMap.debug.xcconfig"; path = "Pods/Target Support Files/Pods-ScratchMap/Pods-ScratchMap.debug.xcconfig"; sourceTree = "<group>"; };
		6B05FD601FFFC0AB009317F2 /* ContinentDetailViewController.swift */ = {isa = PBXFileReference; lastKnownFileType = sourcecode.swift; path = ContinentDetailViewController.swift; sourceTree = "<group>"; };
		6B05FD621FFFC113009317F2 /* ContinentDetailTableViewCell.swift */ = {isa = PBXFileReference; lastKnownFileType = sourcecode.swift; path = ContinentDetailTableViewCell.swift; sourceTree = "<group>"; };
		6B09B80620062EB9003FAD86 /* NewsFeedViewController.swift */ = {isa = PBXFileReference; lastKnownFileType = sourcecode.swift; path = NewsFeedViewController.swift; sourceTree = "<group>"; };
		6B09B808200630D7003FAD86 /* NewsFeedTableViewCell.swift */ = {isa = PBXFileReference; lastKnownFileType = sourcecode.swift; path = NewsFeedTableViewCell.swift; sourceTree = "<group>"; };
		6B09B809200630D7003FAD86 /* NewsFeedTableViewCell.xib */ = {isa = PBXFileReference; lastKnownFileType = file.xib; path = NewsFeedTableViewCell.xib; sourceTree = "<group>"; };
		6B09B80C2006710B003FAD86 /* Post.swift */ = {isa = PBXFileReference; lastKnownFileType = sourcecode.swift; path = Post.swift; sourceTree = "<group>"; };
		6B1433401FFCE2CF0036B9D6 /* ProgressBar.swift */ = {isa = PBXFileReference; lastKnownFileType = sourcecode.swift; path = ProgressBar.swift; sourceTree = "<group>"; };
		6B1B7CE71FFFE5C800E5208B /* worldHighNew.svg */ = {isa = PBXFileReference; fileEncoding = 4; lastKnownFileType = text.xml; path = worldHighNew.svg; sourceTree = "<group>"; };
		6B2251081FF81C53005776AD /* ColorSets.swift */ = {isa = PBXFileReference; lastKnownFileType = sourcecode.swift; path = ColorSets.swift; sourceTree = "<group>"; };
		6B23460A1FFA504800D7F62B /* AccountViewController.swift */ = {isa = PBXFileReference; lastKnownFileType = sourcecode.swift; path = AccountViewController.swift; sourceTree = "<group>"; };
		6B26164D1FF0DDA400F4219D /* UIViewExtension.swift */ = {isa = PBXFileReference; lastKnownFileType = sourcecode.swift; path = UIViewExtension.swift; sourceTree = "<group>"; };
		6B2616541FF0F6A500F4219D /* VisitedType.swift */ = {isa = PBXFileReference; lastKnownFileType = sourcecode.swift; path = VisitedType.swift; sourceTree = "<group>"; };
		6B2616561FF1235200F4219D /* CountryInfoViewController.swift */ = {isa = PBXFileReference; lastKnownFileType = sourcecode.swift; path = CountryInfoViewController.swift; sourceTree = "<group>"; };
		6B278AB81FF2329200B3DA4D /* AppDelegateExtension.swift */ = {isa = PBXFileReference; lastKnownFileType = sourcecode.swift; path = AppDelegateExtension.swift; sourceTree = "<group>"; };
		6B278ABC1FF24DCE00B3DA4D /* ScratchViewController.swift */ = {isa = PBXFileReference; lastKnownFileType = sourcecode.swift; path = ScratchViewController.swift; sourceTree = "<group>"; };
		6B30F2EF1FE3B1380048F310 /* ScratchMap.app */ = {isa = PBXFileReference; explicitFileType = wrapper.application; includeInIndex = 0; path = ScratchMap.app; sourceTree = BUILT_PRODUCTS_DIR; };
		6B30F2F21FE3B1380048F310 /* AppDelegate.swift */ = {isa = PBXFileReference; lastKnownFileType = sourcecode.swift; path = AppDelegate.swift; sourceTree = "<group>"; };
		6B30F2F41FE3B1380048F310 /* MainPageViewController.swift */ = {isa = PBXFileReference; lastKnownFileType = sourcecode.swift; path = MainPageViewController.swift; sourceTree = "<group>"; };
		6B30F2F71FE3B1380048F310 /* Base */ = {isa = PBXFileReference; lastKnownFileType = file.storyboard; name = Base; path = Base.lproj/Main.storyboard; sourceTree = "<group>"; };
		6B30F2F91FE3B1380048F310 /* Assets.xcassets */ = {isa = PBXFileReference; lastKnownFileType = folder.assetcatalog; path = Assets.xcassets; sourceTree = "<group>"; };
		6B30F2FC1FE3B1380048F310 /* Base */ = {isa = PBXFileReference; lastKnownFileType = file.storyboard; name = Base; path = Base.lproj/LaunchScreen.storyboard; sourceTree = "<group>"; };
		6B30F2FE1FE3B1380048F310 /* Info.plist */ = {isa = PBXFileReference; lastKnownFileType = text.plist.xml; path = Info.plist; sourceTree = "<group>"; };
		6B4842B11FF516B700F58FE2 /* ScratchCardMaskView.swift */ = {isa = PBXFileReference; fileEncoding = 4; lastKnownFileType = sourcecode.swift; path = ScratchCardMaskView.swift; sourceTree = "<group>"; };
		6B4842B21FF516B700F58FE2 /* ScratchCardView.swift */ = {isa = PBXFileReference; fileEncoding = 4; lastKnownFileType = sourcecode.swift; path = ScratchCardView.swift; sourceTree = "<group>"; };
		6BA008142007C15900E3211E /* PublishViewController.swift */ = {isa = PBXFileReference; lastKnownFileType = sourcecode.swift; path = PublishViewController.swift; sourceTree = "<group>"; };
		6BA008152007C15900E3211E /* PublishViewController.xib */ = {isa = PBXFileReference; lastKnownFileType = file.xib; path = PublishViewController.xib; sourceTree = "<group>"; };
		6BA0F2161FE9259E00D0F971 /* UIWindowExtension.swift */ = {isa = PBXFileReference; lastKnownFileType = sourcecode.swift; path = UIWindowExtension.swift; sourceTree = "<group>"; };
		6BC5743D1FE6628E003C9C8C /* AchievementViewController.swift */ = {isa = PBXFileReference; lastKnownFileType = sourcecode.swift; path = AchievementViewController.swift; sourceTree = "<group>"; };
		6BC574431FE693E5003C9C8C /* CountryList.swift */ = {isa = PBXFileReference; lastKnownFileType = sourcecode.swift; path = CountryList.swift; sourceTree = "<group>"; };
		6BCCB5552009B3CF0077AEA0 /* TextFieldExtension.swift */ = {isa = PBXFileReference; lastKnownFileType = sourcecode.swift; path = TextFieldExtension.swift; sourceTree = "<group>"; };
		6BE37F7B2001F39500AC7268 /* zh-Hant */ = {isa = PBXFileReference; lastKnownFileType = text.plist.strings; name = "zh-Hant"; path = "zh-Hant.lproj/Main.strings"; sourceTree = "<group>"; };
		6BE37F7C2001F39600AC7268 /* zh-Hant */ = {isa = PBXFileReference; lastKnownFileType = text.plist.strings; name = "zh-Hant"; path = "zh-Hant.lproj/LaunchScreen.strings"; sourceTree = "<group>"; };
		6BE37F852001FEA800AC7268 /* zh-Hant */ = {isa = PBXFileReference; lastKnownFileType = text.plist.strings; name = "zh-Hant"; path = "zh-Hant.lproj/Localizable.strings"; sourceTree = "<group>"; };
		6BE37F8A2001FF0F00AC7268 /* zh-Hant */ = {isa = PBXFileReference; lastKnownFileType = text.plist.strings; name = "zh-Hant"; path = "zh-Hant.lproj/InfoPlist.strings"; sourceTree = "<group>"; };
		6BE7641B1FE3D49F00B3708B /* Country.swift */ = {isa = PBXFileReference; lastKnownFileType = sourcecode.swift; path = Country.swift; sourceTree = "<group>"; };
		6BEF0E9A1FE8A3F900EED739 /* LoginViewController.swift */ = {isa = PBXFileReference; lastKnownFileType = sourcecode.swift; path = LoginViewController.swift; sourceTree = "<group>"; };
		6BEF0E9C1FE8B85B00EED739 /* SignupViewController.swift */ = {isa = PBXFileReference; lastKnownFileType = sourcecode.swift; path = SignupViewController.swift; sourceTree = "<group>"; };
		6BF2E71B1FFB1A200088B4BB /* UIImageExtension.swift */ = {isa = PBXFileReference; lastKnownFileType = sourcecode.swift; path = UIImageExtension.swift; sourceTree = "<group>"; };
		6BF2E71D1FFB1E0A0088B4BB /* UINibExtension.swift */ = {isa = PBXFileReference; lastKnownFileType = sourcecode.swift; path = UINibExtension.swift; sourceTree = "<group>"; };
		6BF2E7271FFB5EA80088B4BB /* WorldCollectionReusableView.swift */ = {isa = PBXFileReference; lastKnownFileType = sourcecode.swift; path = WorldCollectionReusableView.swift; sourceTree = "<group>"; };
		6BF38FD11FE57472001DB8A8 /* TabBarItemType.swift */ = {isa = PBXFileReference; lastKnownFileType = sourcecode.swift; path = TabBarItemType.swift; sourceTree = "<group>"; };
		6BF38FD31FE5792D001DB8A8 /* TabBarItem.swift */ = {isa = PBXFileReference; lastKnownFileType = sourcecode.swift; path = TabBarItem.swift; sourceTree = "<group>"; };
		6BF38FD71FE583CB001DB8A8 /* TabBarController.swift */ = {isa = PBXFileReference; lastKnownFileType = sourcecode.swift; path = TabBarController.swift; sourceTree = "<group>"; };
		6BF502C31FEB957A00E013E2 /* DataModel.swift */ = {isa = PBXFileReference; lastKnownFileType = sourcecode.swift; path = DataModel.swift; sourceTree = "<group>"; };
		6BF864F2200703A1009EE676 /* WaveAnumation.swift */ = {isa = PBXFileReference; lastKnownFileType = sourcecode.swift; path = WaveAnumation.swift; sourceTree = "<group>"; };
		6BFB29522003649F00B30955 /* GoogleService-Info.plist */ = {isa = PBXFileReference; fileEncoding = 4; lastKnownFileType = text.plist.xml; path = "GoogleService-Info.plist"; sourceTree = "<group>"; };
		6BFFCEAD1FEA41A100DEF234 /* AchievementCollectionViewCell.swift */ = {isa = PBXFileReference; lastKnownFileType = sourcecode.swift; path = AchievementCollectionViewCell.swift; sourceTree = "<group>"; };
		6BFFCEAF1FEAB05500DEF234 /* UIViewControllerExtension.swift */ = {isa = PBXFileReference; lastKnownFileType = sourcecode.swift; path = UIViewControllerExtension.swift; sourceTree = "<group>"; };
		F7F4123CBF31FF5FDDC9997A /* Pods-ScratchMap.release.xcconfig */ = {isa = PBXFileReference; includeInIndex = 1; lastKnownFileType = text.xcconfig; name = "Pods-ScratchMap.release.xcconfig"; path = "Pods/Target Support Files/Pods-ScratchMap/Pods-ScratchMap.release.xcconfig"; sourceTree = "<group>"; };
/* End PBXFileReference section */

/* Begin PBXFrameworksBuildPhase section */
		6B30F2EC1FE3B1380048F310 /* Frameworks */ = {
			isa = PBXFrameworksBuildPhase;
			buildActionMask = 2147483647;
			files = (
				1500F02DD1A01EC08A669C44 /* Pods_ScratchMap.framework in Frameworks */,
			);
			runOnlyForDeploymentPostprocessing = 0;
		};
/* End PBXFrameworksBuildPhase section */

/* Begin PBXGroup section */
		39174F69CF1849DF2C4A2B64 /* Frameworks */ = {
			isa = PBXGroup;
			children = (
				01527EB948ED3B4B5FA32F0B /* Pods_ScratchMap.framework */,
			);
			name = Frameworks;
			sourceTree = "<group>";
		};
		6B05FD5F1FFFC078009317F2 /* Continent */ = {
			isa = PBXGroup;
			children = (
				6B05FD601FFFC0AB009317F2 /* ContinentDetailViewController.swift */,
				6B05FD621FFFC113009317F2 /* ContinentDetailTableViewCell.swift */,
			);
			path = Continent;
			sourceTree = "<group>";
		};
		6B09B80520062E7C003FAD86 /* NewsFeed */ = {
			isa = PBXGroup;
			children = (
				6B09B80620062EB9003FAD86 /* NewsFeedViewController.swift */,
				6B09B808200630D7003FAD86 /* NewsFeedTableViewCell.swift */,
				6B09B809200630D7003FAD86 /* NewsFeedTableViewCell.xib */,
				6BA008142007C15900E3211E /* PublishViewController.swift */,
				6BA008152007C15900E3211E /* PublishViewController.xib */,
			);
			path = NewsFeed;
			sourceTree = "<group>";
		};
		6B2616531FF0EF8100F4219D /* Account */ = {
			isa = PBXGroup;
			children = (
				6B23460A1FFA504800D7F62B /* AccountViewController.swift */,
			);
			path = Account;
			sourceTree = "<group>";
		};
		6B30F2E61FE3B1380048F310 = {
			isa = PBXGroup;
			children = (
				6B30F2F11FE3B1380048F310 /* ScratchMap */,
				6B30F2F01FE3B1380048F310 /* Products */,
				6E2FF2D3F701F9BDEFD0942C /* Pods */,
				39174F69CF1849DF2C4A2B64 /* Frameworks */,
			);
			sourceTree = "<group>";
		};
		6B30F2F01FE3B1380048F310 /* Products */ = {
			isa = PBXGroup;
			children = (
				6B30F2EF1FE3B1380048F310 /* ScratchMap.app */,
			);
			name = Products;
			sourceTree = "<group>";
		};
		6B30F2F11FE3B1380048F310 /* ScratchMap */ = {
			isa = PBXGroup;
			children = (
				6B30F2F21FE3B1380048F310 /* AppDelegate.swift */,
				6BF502C71FEBBD4E00E013E2 /* Extension */,
				6BE7641A1FE3D47100B3708B /* Model */,
				6BEF0E991FE8A3C300EED739 /* Login */,
				6BE764191FE3D45200B3708B /* Map */,
				6BC5743F1FE66295003C9C8C /* Achievement */,
				6B2616531FF0EF8100F4219D /* Account */,
				6B05FD5F1FFFC078009317F2 /* Continent */,
				6B09B80520062E7C003FAD86 /* NewsFeed */,
				6BF38FD01FE5743F001DB8A8 /* Tab Bar */,
				6BF864F12007037B009EE676 /* Animation */,
				6BD9DF561FEBF0DF00A2FE0D /* Scratch */,
				6B30F2F61FE3B1380048F310 /* Main.storyboard */,
				6B30F2F91FE3B1380048F310 /* Assets.xcassets */,
				6B30F2FB1FE3B1380048F310 /* LaunchScreen.storyboard */,
				6BE37F8B2001FF0F00AC7268 /* InfoPlist.strings */,
				6BE37F862001FEA800AC7268 /* Localizable.strings */,
				6BFB29522003649F00B30955 /* GoogleService-Info.plist */,
				6B30F2FE1FE3B1380048F310 /* Info.plist */,
				6B1B7CE71FFFE5C800E5208B /* worldHighNew.svg */,
			);
			path = ScratchMap;
			sourceTree = "<group>";
		};
		6BC5743F1FE66295003C9C8C /* Achievement */ = {
			isa = PBXGroup;
			children = (
				6BC5743D1FE6628E003C9C8C /* AchievementViewController.swift */,
				6BF2E7271FFB5EA80088B4BB /* WorldCollectionReusableView.swift */,
				6BFFCEAD1FEA41A100DEF234 /* AchievementCollectionViewCell.swift */,
				6B1433401FFCE2CF0036B9D6 /* ProgressBar.swift */,
			);
			path = Achievement;
			sourceTree = "<group>";
		};
		6BD9DF561FEBF0DF00A2FE0D /* Scratch */ = {
			isa = PBXGroup;
			children = (
				6B278ABC1FF24DCE00B3DA4D /* ScratchViewController.swift */,
				6B4842B11FF516B700F58FE2 /* ScratchCardMaskView.swift */,
				6B4842B21FF516B700F58FE2 /* ScratchCardView.swift */,
			);
			path = Scratch;
			sourceTree = "<group>";
		};
		6BE764191FE3D45200B3708B /* Map */ = {
			isa = PBXGroup;
			children = (
				6B30F2F41FE3B1380048F310 /* MainPageViewController.swift */,
				6B2616561FF1235200F4219D /* CountryInfoViewController.swift */,
			);
			path = Map;
			sourceTree = "<group>";
		};
		6BE7641A1FE3D47100B3708B /* Model */ = {
			isa = PBXGroup;
			children = (
				6BE7641B1FE3D49F00B3708B /* Country.swift */,
				6BC574431FE693E5003C9C8C /* CountryList.swift */,
				6B09B80C2006710B003FAD86 /* Post.swift */,
				6BF502C31FEB957A00E013E2 /* DataModel.swift */,
				6B2616541FF0F6A500F4219D /* VisitedType.swift */,
				6B2251081FF81C53005776AD /* ColorSets.swift */,
			);
			path = Model;
			sourceTree = "<group>";
		};
		6BEF0E991FE8A3C300EED739 /* Login */ = {
			isa = PBXGroup;
			children = (
				6BEF0E9A1FE8A3F900EED739 /* LoginViewController.swift */,
				6BEF0E9C1FE8B85B00EED739 /* SignupViewController.swift */,
			);
			path = Login;
			sourceTree = "<group>";
		};
		6BF38FD01FE5743F001DB8A8 /* Tab Bar */ = {
			isa = PBXGroup;
			children = (
				6BF38FD71FE583CB001DB8A8 /* TabBarController.swift */,
				6BF38FD11FE57472001DB8A8 /* TabBarItemType.swift */,
				6BF38FD31FE5792D001DB8A8 /* TabBarItem.swift */,
			);
			path = "Tab Bar";
			sourceTree = "<group>";
		};
		6BF502C71FEBBD4E00E013E2 /* Extension */ = {
			isa = PBXGroup;
			children = (
				6BA0F2161FE9259E00D0F971 /* UIWindowExtension.swift */,
				6B278AB81FF2329200B3DA4D /* AppDelegateExtension.swift */,
				6BFFCEAF1FEAB05500DEF234 /* UIViewControllerExtension.swift */,
				6BF2E71D1FFB1E0A0088B4BB /* UINibExtension.swift */,
				6B26164D1FF0DDA400F4219D /* UIViewExtension.swift */,
				6BF2E71B1FFB1A200088B4BB /* UIImageExtension.swift */,
				6BCCB5552009B3CF0077AEA0 /* TextFieldExtension.swift */,
			);
			path = Extension;
			sourceTree = "<group>";
		};
		6BF864F12007037B009EE676 /* Animation */ = {
			isa = PBXGroup;
			children = (
				6BF864F2200703A1009EE676 /* WaveAnumation.swift */,
			);
			path = Animation;
			sourceTree = "<group>";
		};
		6E2FF2D3F701F9BDEFD0942C /* Pods */ = {
			isa = PBXGroup;
			children = (
				190F489B4A4572194CA8222D /* Pods-ScratchMap.debug.xcconfig */,
				F7F4123CBF31FF5FDDC9997A /* Pods-ScratchMap.release.xcconfig */,
			);
			name = Pods;
			sourceTree = "<group>";
		};
/* End PBXGroup section */

/* Begin PBXNativeTarget section */
		6B30F2EE1FE3B1380048F310 /* ScratchMap */ = {
			isa = PBXNativeTarget;
			buildConfigurationList = 6B30F3011FE3B1380048F310 /* Build configuration list for PBXNativeTarget "ScratchMap" */;
			buildPhases = (
				787705AD068E74C8856B2DB0 /* [CP] Check Pods Manifest.lock */,
				6B30F2EB1FE3B1380048F310 /* Sources */,
				6B30F2EC1FE3B1380048F310 /* Frameworks */,
				6B30F2ED1FE3B1380048F310 /* Resources */,
				8D109220A0B8A14BFD4CD0FE /* [CP] Embed Pods Frameworks */,
				BA288DB7FC3AE0B82144A0F5 /* [CP] Copy Pods Resources */,
				6B05FD5E1FFF155C009317F2 /* ShellScript */,
			);
			buildRules = (
			);
			dependencies = (
			);
			name = ScratchMap;
			productName = ScratchMap;
			productReference = 6B30F2EF1FE3B1380048F310 /* ScratchMap.app */;
			productType = "com.apple.product-type.application";
		};
/* End PBXNativeTarget section */

/* Begin PBXProject section */
		6B30F2E71FE3B1380048F310 /* Project object */ = {
			isa = PBXProject;
			attributes = {
				LastSwiftUpdateCheck = 0920;
				LastUpgradeCheck = 0920;
				ORGANIZATIONNAME = "HsinTing Hsieh";
				TargetAttributes = {
					6B30F2EE1FE3B1380048F310 = {
						CreatedOnToolsVersion = 9.2;
						ProvisioningStyle = Automatic;
					};
				};
			};
			buildConfigurationList = 6B30F2EA1FE3B1380048F310 /* Build configuration list for PBXProject "ScratchMap" */;
			compatibilityVersion = "Xcode 8.0";
			developmentRegion = en;
			hasScannedForEncodings = 0;
			knownRegions = (
				en,
				Base,
			);
			mainGroup = 6B30F2E61FE3B1380048F310;
			productRefGroup = 6B30F2F01FE3B1380048F310 /* Products */;
			projectDirPath = "";
			projectRoot = "";
			targets = (
				6B30F2EE1FE3B1380048F310 /* ScratchMap */,
			);
		};
/* End PBXProject section */

/* Begin PBXResourcesBuildPhase section */
		6B30F2ED1FE3B1380048F310 /* Resources */ = {
			isa = PBXResourcesBuildPhase;
			buildActionMask = 2147483647;
			files = (
				6B30F2FD1FE3B1380048F310 /* LaunchScreen.storyboard in Resources */,
				6BE37F892001FF0F00AC7268 /* InfoPlist.strings in Resources */,
				6B30F2FA1FE3B1380048F310 /* Assets.xcassets in Resources */,
				6BA008172007C15900E3211E /* PublishViewController.xib in Resources */,
				6BE37F842001FEA800AC7268 /* Localizable.strings in Resources */,
				6B1B7CE81FFFE5C800E5208B /* worldHighNew.svg in Resources */,
				6B30F2F81FE3B1380048F310 /* Main.storyboard in Resources */,
				6B09B80B200630D7003FAD86 /* NewsFeedTableViewCell.xib in Resources */,
				6BFB29532003649F00B30955 /* GoogleService-Info.plist in Resources */,
			);
			runOnlyForDeploymentPostprocessing = 0;
		};
/* End PBXResourcesBuildPhase section */

/* Begin PBXShellScriptBuildPhase section */
		6B05FD5E1FFF155C009317F2 /* ShellScript */ = {
			isa = PBXShellScriptBuildPhase;
			buildActionMask = 2147483647;
			files = (
			);
			inputPaths = (
			);
			outputPaths = (
			);
			runOnlyForDeploymentPostprocessing = 0;
			shellPath = /bin/sh;
			shellScript = "\"${PODS_ROOT}/Fabric/run\"";
		};
		787705AD068E74C8856B2DB0 /* [CP] Check Pods Manifest.lock */ = {
			isa = PBXShellScriptBuildPhase;
			buildActionMask = 2147483647;
			files = (
			);
			inputPaths = (
				"${PODS_PODFILE_DIR_PATH}/Podfile.lock",
				"${PODS_ROOT}/Manifest.lock",
			);
			name = "[CP] Check Pods Manifest.lock";
			outputPaths = (
				"$(DERIVED_FILE_DIR)/Pods-ScratchMap-checkManifestLockResult.txt",
			);
			runOnlyForDeploymentPostprocessing = 0;
			shellPath = /bin/sh;
			shellScript = "diff \"${PODS_PODFILE_DIR_PATH}/Podfile.lock\" \"${PODS_ROOT}/Manifest.lock\" > /dev/null\nif [ $? != 0 ] ; then\n    # print error to STDERR\n    echo \"error: The sandbox is not in sync with the Podfile.lock. Run 'pod install' or update your CocoaPods installation.\" >&2\n    exit 1\nfi\n# This output is used by Xcode 'outputs' to avoid re-running this script phase.\necho \"SUCCESS\" > \"${SCRIPT_OUTPUT_FILE_0}\"\n";
			showEnvVarsInLog = 0;
		};
		8D109220A0B8A14BFD4CD0FE /* [CP] Embed Pods Frameworks */ = {
			isa = PBXShellScriptBuildPhase;
			buildActionMask = 2147483647;
			files = (
			);
			inputPaths = (
				"${SRCROOT}/Pods/Target Support Files/Pods-ScratchMap/Pods-ScratchMap-frameworks.sh",
				"${BUILT_PRODUCTS_DIR}/ChameleonFramework/ChameleonFramework.framework",
				"${BUILT_PRODUCTS_DIR}/DatePickerDialog/DatePickerDialog.framework",
				"${BUILT_PRODUCTS_DIR}/FlagKit/FlagKit.framework",
				"${BUILT_PRODUCTS_DIR}/GTMSessionFetcher/GTMSessionFetcher.framework",
				"${BUILT_PRODUCTS_DIR}/GoogleToolboxForMac/GoogleToolboxForMac.framework",
				"${BUILT_PRODUCTS_DIR}/IQKeyboardManagerSwift/IQKeyboardManagerSwift.framework",
				"${BUILT_PRODUCTS_DIR}/PocketSVG/PocketSVG.framework",
				"${BUILT_PRODUCTS_DIR}/leveldb-library/leveldb.framework",
				"${BUILT_PRODUCTS_DIR}/nanopb/nanopb.framework",
			);
			name = "[CP] Embed Pods Frameworks";
			outputPaths = (
				"${TARGET_BUILD_DIR}/${FRAMEWORKS_FOLDER_PATH}/ChameleonFramework.framework",
				"${TARGET_BUILD_DIR}/${FRAMEWORKS_FOLDER_PATH}/DatePickerDialog.framework",
				"${TARGET_BUILD_DIR}/${FRAMEWORKS_FOLDER_PATH}/FlagKit.framework",
				"${TARGET_BUILD_DIR}/${FRAMEWORKS_FOLDER_PATH}/GTMSessionFetcher.framework",
				"${TARGET_BUILD_DIR}/${FRAMEWORKS_FOLDER_PATH}/GoogleToolboxForMac.framework",
				"${TARGET_BUILD_DIR}/${FRAMEWORKS_FOLDER_PATH}/IQKeyboardManagerSwift.framework",
				"${TARGET_BUILD_DIR}/${FRAMEWORKS_FOLDER_PATH}/PocketSVG.framework",
				"${TARGET_BUILD_DIR}/${FRAMEWORKS_FOLDER_PATH}/leveldb.framework",
				"${TARGET_BUILD_DIR}/${FRAMEWORKS_FOLDER_PATH}/nanopb.framework",
			);
			runOnlyForDeploymentPostprocessing = 0;
			shellPath = /bin/sh;
			shellScript = "\"${SRCROOT}/Pods/Target Support Files/Pods-ScratchMap/Pods-ScratchMap-frameworks.sh\"\n";
			showEnvVarsInLog = 0;
		};
		BA288DB7FC3AE0B82144A0F5 /* [CP] Copy Pods Resources */ = {
			isa = PBXShellScriptBuildPhase;
			buildActionMask = 2147483647;
			files = (
			);
			inputPaths = (
			);
			name = "[CP] Copy Pods Resources";
			outputPaths = (
			);
			runOnlyForDeploymentPostprocessing = 0;
			shellPath = /bin/sh;
			shellScript = "\"${SRCROOT}/Pods/Target Support Files/Pods-ScratchMap/Pods-ScratchMap-resources.sh\"\n";
			showEnvVarsInLog = 0;
		};
/* End PBXShellScriptBuildPhase section */

/* Begin PBXSourcesBuildPhase section */
		6B30F2EB1FE3B1380048F310 /* Sources */ = {
			isa = PBXSourcesBuildPhase;
			buildActionMask = 2147483647;
			files = (
				6BEF0E9B1FE8A3F900EED739 /* LoginViewController.swift in Sources */,
				6B4842B41FF516B700F58FE2 /* ScratchCardView.swift in Sources */,
				6BF2E71E1FFB1E0A0088B4BB /* UINibExtension.swift in Sources */,
				6BCCB5562009B3CF0077AEA0 /* TextFieldExtension.swift in Sources */,
				6B2616551FF0F6A500F4219D /* VisitedType.swift in Sources */,
				6BF38FD81FE583CB001DB8A8 /* TabBarController.swift in Sources */,
				6BEF0E9D1FE8B85B00EED739 /* SignupViewController.swift in Sources */,
				6BF2E7281FFB5EA80088B4BB /* WorldCollectionReusableView.swift in Sources */,
				6BF38FD21FE57472001DB8A8 /* TabBarItemType.swift in Sources */,
				6BF864F3200703A1009EE676 /* WaveAnumation.swift in Sources */,
				6B30F2F51FE3B1380048F310 /* MainPageViewController.swift in Sources */,
				6B23460B1FFA504800D7F62B /* AccountViewController.swift in Sources */,
				6B26164E1FF0DDA400F4219D /* UIViewExtension.swift in Sources */,
				6B05FD631FFFC113009317F2 /* ContinentDetailTableViewCell.swift in Sources */,
				6BF502C41FEB957A00E013E2 /* DataModel.swift in Sources */,
				6BA008162007C15900E3211E /* PublishViewController.swift in Sources */,
				6BA0F2171FE9259E00D0F971 /* UIWindowExtension.swift in Sources */,
				6BF38FD41FE5792D001DB8A8 /* TabBarItem.swift in Sources */,
				6BC574441FE693E5003C9C8C /* CountryList.swift in Sources */,
				6B05FD611FFFC0AB009317F2 /* ContinentDetailViewController.swift in Sources */,
				6BC5743E1FE6628E003C9C8C /* AchievementViewController.swift in Sources */,
				6B4842B31FF516B700F58FE2 /* ScratchCardMaskView.swift in Sources */,
				6BFFCEAE1FEA41A100DEF234 /* AchievementCollectionViewCell.swift in Sources */,
				6B1433411FFCE2CF0036B9D6 /* ProgressBar.swift in Sources */,
				6B278AB91FF2329200B3DA4D /* AppDelegateExtension.swift in Sources */,
				6B2251091FF81C53005776AD /* ColorSets.swift in Sources */,
				6BE7641C1FE3D49F00B3708B /* Country.swift in Sources */,
				6BF2E71C1FFB1A200088B4BB /* UIImageExtension.swift in Sources */,
				6B2616571FF1235200F4219D /* CountryInfoViewController.swift in Sources */,
				6B278ABD1FF24DCE00B3DA4D /* ScratchViewController.swift in Sources */,
				6BFFCEB01FEAB05500DEF234 /* UIViewControllerExtension.swift in Sources */,
				6B30F2F31FE3B1380048F310 /* AppDelegate.swift in Sources */,
				6B09B80720062EB9003FAD86 /* NewsFeedViewController.swift in Sources */,
				6B09B80A200630D7003FAD86 /* NewsFeedTableViewCell.swift in Sources */,
				6B09B80D2006710B003FAD86 /* Post.swift in Sources */,
			);
			runOnlyForDeploymentPostprocessing = 0;
		};
/* End PBXSourcesBuildPhase section */

/* Begin PBXVariantGroup section */
		6B30F2F61FE3B1380048F310 /* Main.storyboard */ = {
			isa = PBXVariantGroup;
			children = (
				6B30F2F71FE3B1380048F310 /* Base */,
				6BE37F7B2001F39500AC7268 /* zh-Hant */,
			);
			name = Main.storyboard;
			sourceTree = "<group>";
		};
		6B30F2FB1FE3B1380048F310 /* LaunchScreen.storyboard */ = {
			isa = PBXVariantGroup;
			children = (
				6B30F2FC1FE3B1380048F310 /* Base */,
				6BE37F7C2001F39600AC7268 /* zh-Hant */,
			);
			name = LaunchScreen.storyboard;
			sourceTree = "<group>";
		};
		6BE37F862001FEA800AC7268 /* Localizable.strings */ = {
			isa = PBXVariantGroup;
			children = (
				6BE37F852001FEA800AC7268 /* zh-Hant */,
			);
			name = Localizable.strings;
			sourceTree = "<group>";
		};
		6BE37F8B2001FF0F00AC7268 /* InfoPlist.strings */ = {
			isa = PBXVariantGroup;
			children = (
				6BE37F8A2001FF0F00AC7268 /* zh-Hant */,
			);
			name = InfoPlist.strings;
			sourceTree = "<group>";
		};
/* End PBXVariantGroup section */

/* Begin XCBuildConfiguration section */
		6B30F2FF1FE3B1380048F310 /* Debug */ = {
			isa = XCBuildConfiguration;
			buildSettings = {
				ALWAYS_SEARCH_USER_PATHS = NO;
				CLANG_ANALYZER_LOCALIZABILITY_NONLOCALIZED = YES;
				CLANG_ANALYZER_NONNULL = YES;
				CLANG_ANALYZER_NUMBER_OBJECT_CONVERSION = YES_AGGRESSIVE;
				CLANG_CXX_LANGUAGE_STANDARD = "gnu++14";
				CLANG_CXX_LIBRARY = "libc++";
				CLANG_ENABLE_MODULES = YES;
				CLANG_ENABLE_OBJC_ARC = YES;
				CLANG_WARN_BLOCK_CAPTURE_AUTORELEASING = YES;
				CLANG_WARN_BOOL_CONVERSION = YES;
				CLANG_WARN_COMMA = YES;
				CLANG_WARN_CONSTANT_CONVERSION = YES;
				CLANG_WARN_DIRECT_OBJC_ISA_USAGE = YES_ERROR;
				CLANG_WARN_DOCUMENTATION_COMMENTS = YES;
				CLANG_WARN_EMPTY_BODY = YES;
				CLANG_WARN_ENUM_CONVERSION = YES;
				CLANG_WARN_INFINITE_RECURSION = YES;
				CLANG_WARN_INT_CONVERSION = YES;
				CLANG_WARN_NON_LITERAL_NULL_CONVERSION = YES;
				CLANG_WARN_OBJC_LITERAL_CONVERSION = YES;
				CLANG_WARN_OBJC_ROOT_CLASS = YES_ERROR;
				CLANG_WARN_RANGE_LOOP_ANALYSIS = YES;
				CLANG_WARN_STRICT_PROTOTYPES = YES;
				CLANG_WARN_SUSPICIOUS_MOVE = YES;
				CLANG_WARN_UNGUARDED_AVAILABILITY = YES_AGGRESSIVE;
				CLANG_WARN_UNREACHABLE_CODE = YES;
				CLANG_WARN__DUPLICATE_METHOD_MATCH = YES;
				CODE_SIGN_IDENTITY = "iPhone Developer";
				COPY_PHASE_STRIP = NO;
				DEBUG_INFORMATION_FORMAT = dwarf;
				ENABLE_STRICT_OBJC_MSGSEND = YES;
				ENABLE_TESTABILITY = YES;
				GCC_C_LANGUAGE_STANDARD = gnu11;
				GCC_DYNAMIC_NO_PIC = NO;
				GCC_NO_COMMON_BLOCKS = YES;
				GCC_OPTIMIZATION_LEVEL = 0;
				GCC_PREPROCESSOR_DEFINITIONS = (
					"DEBUG=1",
					"$(inherited)",
				);
				GCC_WARN_64_TO_32_BIT_CONVERSION = YES;
				GCC_WARN_ABOUT_RETURN_TYPE = YES_ERROR;
				GCC_WARN_UNDECLARED_SELECTOR = YES;
				GCC_WARN_UNINITIALIZED_AUTOS = YES_AGGRESSIVE;
				GCC_WARN_UNUSED_FUNCTION = YES;
				GCC_WARN_UNUSED_VARIABLE = YES;
				IPHONEOS_DEPLOYMENT_TARGET = 11.2;
				MTL_ENABLE_DEBUG_INFO = YES;
				ONLY_ACTIVE_ARCH = YES;
				SDKROOT = iphoneos;
				SWIFT_ACTIVE_COMPILATION_CONDITIONS = DEBUG;
				SWIFT_OPTIMIZATION_LEVEL = "-Onone";
			};
			name = Debug;
		};
		6B30F3001FE3B1380048F310 /* Release */ = {
			isa = XCBuildConfiguration;
			buildSettings = {
				ALWAYS_SEARCH_USER_PATHS = NO;
				CLANG_ANALYZER_LOCALIZABILITY_NONLOCALIZED = YES;
				CLANG_ANALYZER_NONNULL = YES;
				CLANG_ANALYZER_NUMBER_OBJECT_CONVERSION = YES_AGGRESSIVE;
				CLANG_CXX_LANGUAGE_STANDARD = "gnu++14";
				CLANG_CXX_LIBRARY = "libc++";
				CLANG_ENABLE_MODULES = YES;
				CLANG_ENABLE_OBJC_ARC = YES;
				CLANG_WARN_BLOCK_CAPTURE_AUTORELEASING = YES;
				CLANG_WARN_BOOL_CONVERSION = YES;
				CLANG_WARN_COMMA = YES;
				CLANG_WARN_CONSTANT_CONVERSION = YES;
				CLANG_WARN_DIRECT_OBJC_ISA_USAGE = YES_ERROR;
				CLANG_WARN_DOCUMENTATION_COMMENTS = YES;
				CLANG_WARN_EMPTY_BODY = YES;
				CLANG_WARN_ENUM_CONVERSION = YES;
				CLANG_WARN_INFINITE_RECURSION = YES;
				CLANG_WARN_INT_CONVERSION = YES;
				CLANG_WARN_NON_LITERAL_NULL_CONVERSION = YES;
				CLANG_WARN_OBJC_LITERAL_CONVERSION = YES;
				CLANG_WARN_OBJC_ROOT_CLASS = YES_ERROR;
				CLANG_WARN_RANGE_LOOP_ANALYSIS = YES;
				CLANG_WARN_STRICT_PROTOTYPES = YES;
				CLANG_WARN_SUSPICIOUS_MOVE = YES;
				CLANG_WARN_UNGUARDED_AVAILABILITY = YES_AGGRESSIVE;
				CLANG_WARN_UNREACHABLE_CODE = YES;
				CLANG_WARN__DUPLICATE_METHOD_MATCH = YES;
				CODE_SIGN_IDENTITY = "iPhone Developer";
				COPY_PHASE_STRIP = NO;
				DEBUG_INFORMATION_FORMAT = "dwarf-with-dsym";
				ENABLE_NS_ASSERTIONS = NO;
				ENABLE_STRICT_OBJC_MSGSEND = YES;
				GCC_C_LANGUAGE_STANDARD = gnu11;
				GCC_NO_COMMON_BLOCKS = YES;
				GCC_WARN_64_TO_32_BIT_CONVERSION = YES;
				GCC_WARN_ABOUT_RETURN_TYPE = YES_ERROR;
				GCC_WARN_UNDECLARED_SELECTOR = YES;
				GCC_WARN_UNINITIALIZED_AUTOS = YES_AGGRESSIVE;
				GCC_WARN_UNUSED_FUNCTION = YES;
				GCC_WARN_UNUSED_VARIABLE = YES;
				IPHONEOS_DEPLOYMENT_TARGET = 11.2;
				MTL_ENABLE_DEBUG_INFO = NO;
				SDKROOT = iphoneos;
				SWIFT_OPTIMIZATION_LEVEL = "-Owholemodule";
				VALIDATE_PRODUCT = YES;
			};
			name = Release;
		};
		6B30F3021FE3B1380048F310 /* Debug */ = {
			isa = XCBuildConfiguration;
			baseConfigurationReference = 190F489B4A4572194CA8222D /* Pods-ScratchMap.debug.xcconfig */;
			buildSettings = {
				ASSETCATALOG_COMPILER_APPICON_NAME = AppIcon;
				"CODE_SIGN_IDENTITY[sdk=iphoneos*]" = "iPhone Developer";
				CODE_SIGN_STYLE = Automatic;
				DEBUG_INFORMATION_FORMAT = "dwarf-with-dsym";
				DEVELOPMENT_TEAM = JYQPTSBU3C;
				INFOPLIST_FILE = ScratchMap/Info.plist;
				IPHONEOS_DEPLOYMENT_TARGET = 11.0;
				LD_RUNPATH_SEARCH_PATHS = "$(inherited) @executable_path/Frameworks";
				PRODUCT_BUNDLE_IDENTIFIER = "HsinTing-Hsieh.ScratchOffMap";
				PRODUCT_NAME = "$(TARGET_NAME)";
				PROVISIONING_PROFILE_SPECIFIER = "";
				SWIFT_VERSION = 4.0;
				TARGETED_DEVICE_FAMILY = 1;
			};
			name = Debug;
		};
		6B30F3031FE3B1380048F310 /* Release */ = {
			isa = XCBuildConfiguration;
			baseConfigurationReference = F7F4123CBF31FF5FDDC9997A /* Pods-ScratchMap.release.xcconfig */;
			buildSettings = {
				ASSETCATALOG_COMPILER_APPICON_NAME = AppIcon;
				"CODE_SIGN_IDENTITY[sdk=iphoneos*]" = "iPhone Developer";
				CODE_SIGN_STYLE = Automatic;
				DEBUG_INFORMATION_FORMAT = "dwarf-with-dsym";
				DEVELOPMENT_TEAM = JYQPTSBU3C;
				INFOPLIST_FILE = ScratchMap/Info.plist;
				IPHONEOS_DEPLOYMENT_TARGET = 11.0;
				LD_RUNPATH_SEARCH_PATHS = "$(inherited) @executable_path/Frameworks";
				PRODUCT_BUNDLE_IDENTIFIER = "HsinTing-Hsieh.ScratchOffMap";
				PRODUCT_NAME = "$(TARGET_NAME)";
				PROVISIONING_PROFILE_SPECIFIER = "";
				SWIFT_VERSION = 4.0;
				TARGETED_DEVICE_FAMILY = 1;
			};
			name = Release;
		};
/* End XCBuildConfiguration section */

/* Begin XCConfigurationList section */
		6B30F2EA1FE3B1380048F310 /* Build configuration list for PBXProject "ScratchMap" */ = {
			isa = XCConfigurationList;
			buildConfigurations = (
				6B30F2FF1FE3B1380048F310 /* Debug */,
				6B30F3001FE3B1380048F310 /* Release */,
			);
			defaultConfigurationIsVisible = 0;
			defaultConfigurationName = Release;
		};
		6B30F3011FE3B1380048F310 /* Build configuration list for PBXNativeTarget "ScratchMap" */ = {
			isa = XCConfigurationList;
			buildConfigurations = (
				6B30F3021FE3B1380048F310 /* Debug */,
				6B30F3031FE3B1380048F310 /* Release */,
			);
			defaultConfigurationIsVisible = 0;
			defaultConfigurationName = Release;
		};
/* End XCConfigurationList section */
	};
	rootObject = 6B30F2E71FE3B1380048F310 /* Project object */;
}
